
Microsoft Visual Studio Solution File, Format Version 12.00
Project("{FAE04EC0-301F-11D3-BF4B-00C04F79EFBC}") = "WebProj", "WebProj\WebProj.csproj", "{8829640C-D78B-40B3-8B3A-9C4779BDF0E2}"
EndProject
Global
	GlobalSection(SolutionConfigurationPlatforms) = preSolution
		Debug|Any CPU = Debug|Any CPU
		Release|Any CPU = Release|Any CPU
	EndGlobalSection
	GlobalSection(ProjectConfigurationPlatforms) = postSolution
		{8829640C-D78B-40B3-8B3A-9C4779BDF0E2}.Debug|Any CPU.ActiveCfg = Debug|Any CPU
		{8829640C-D78B-40B3-8B3A-9C4779BDF0E2}.Debug|Any CPU.Build.0 = Debug|Any CPU
		{8829640C-D78B-40B3-8B3A-9C4779BDF0E2}.Release|Any CPU.ActiveCfg = Release|Any CPU
		{8829640C-D78B-40B3-8B3A-9C4779BDF0E2}.Release|Any CPU.Build.0 = Release|Any CPU
	EndGlobalSection
EndGlobal
